
Microsoft Visual Studio Solution File, Format Version 12.00
# Visual Studio Version 17
VisualStudioVersion = 17.0.31903.59
MinimumVisualStudioVersion = 10.0.40219.1
Project("{2150E333-8FDC-42A3-9474-1A3956D46DE8}") = "shared", "shared", "{4F52FD11-658E-A102-6CD3-7D7C16FFA15B}"
EndProject
Project("{FAE04EC0-301F-11D3-BF4B-00C04F79EFBC}") = "Shared.Domain", "shared\Shared.Domain\Shared.Domain.csproj", "{A7343C51-1138-40FF-9C76-28D6E50E58BC}"
EndProject
Project("{FAE04EC0-301F-11D3-BF4B-00C04F79EFBC}") = "Shared.Contracts", "shared\Shared.Contracts\Shared.Contracts.csproj", "{2B70B1AE-6B6B-4F96-B7C7-744E6B6E8BC3}"
EndProject
Project("{FAE04EC0-301F-11D3-BF4B-00C04F79EFBC}") = "Shared.Infrastructure", "shared\Shared.Infrastructure\Shared.Infrastructure.csproj", "{DFBEAB30-720B-428B-9A10-D8A2CF98226D}"
EndProject
Project("{2150E333-8FDC-42A3-9474-1A3956D46DE8}") = "gateway", "gateway", "{E7BDDBC6-9FD1-D1D7-ACD8-2C4F8E3D2461}"
EndProject
Project("{FAE04EC0-301F-11D3-BF4B-00C04F79EFBC}") = "Gateway.API", "gateway\Gateway.API\Gateway.API.csproj", "{A7E7FC0A-D1F7-4BC9-BB58-236AEA7C9E48}"
EndProject
Project("{2150E333-8FDC-42A3-9474-1A3956D46DE8}") = "services", "services", "{5854FF58-B8C5-05C6-5BF2-ACE42193F22B}"
EndProject
Project("{2150E333-8FDC-42A3-9474-1A3956D46DE8}") = "identity-service", "identity-service", "{A86387A1-6CB7-E87F-8D97-922B56EDCEFC}"
EndProject
Project("{FAE04EC0-301F-11D3-BF4B-00C04F79EFBC}") = "IdentityService.Domain", "services\identity-service\IdentityService.Domain\IdentityService.Domain.csproj", "{0A94B78F-CCDE-4E87-81CB-320CBDABCA13}"
EndProject
Project("{FAE04EC0-301F-11D3-BF4B-00C04F79EFBC}") = "IdentityService.Application", "services\identity-service\IdentityService.Application\IdentityService.Application.csproj", "{8FEA09F6-9228-4A6F-B344-76A4EBF4292C}"
EndProject
Project("{FAE04EC0-301F-11D3-BF4B-00C04F79EFBC}") = "IdentityService.Infrastructure", "services\identity-service\IdentityService.Infrastructure\IdentityService.Infrastructure.csproj", "{730FD0D8-F777-4AF4-8BB5-8BDF6A742314}"
EndProject
Project("{FAE04EC0-301F-11D3-BF4B-00C04F79EFBC}") = "IdentityService.API", "services\identity-service\IdentityService.API\IdentityService.API.csproj", "{9632CB9C-36EB-44FB-BFCB-C5251238F082}"
EndProject
Project("{2150E333-8FDC-42A3-9474-1A3956D46DE8}") = "document-service", "document-service", "{839D23DC-C8F4-7E79-ABF6-16AA12B8CAFA}"
EndProject
Project("{FAE04EC0-301F-11D3-BF4B-00C04F79EFBC}") = "DocumentService.Domain", "services\document-service\DocumentService.Domain\DocumentService.Domain.csproj", "{6C975D85-DDE6-4D48-B901-E5FE7A3BA929}"
EndProject
Project("{FAE04EC0-301F-11D3-BF4B-00C04F79EFBC}") = "DocumentService.Application", "services\document-service\DocumentService.Application\DocumentService.Application.csproj", "{0062E7C7-E96D-4758-809D-897DD7C050AE}"
EndProject
Project("{FAE04EC0-301F-11D3-BF4B-00C04F79EFBC}") = "DocumentService.Infrastructure", "services\document-service\DocumentService.Infrastructure\DocumentService.Infrastructure.csproj", "{46958A1B-C8E0-4078-B8B3-8208AEB084ED}"
EndProject
Project("{FAE04EC0-301F-11D3-BF4B-00C04F79EFBC}") = "DocumentService.API", "services\document-service\DocumentService.API\DocumentService.API.csproj", "{DAC68ABE-DDA7-474B-A27F-B4C0D77A3985}"
EndProject
Project("{2150E333-8FDC-42A3-9474-1A3956D46DE8}") = "workflow-service", "workflow-service", "{12B06DD3-08F7-DAA4-DD63-A57C85C8140D}"
EndProject
Project("{FAE04EC0-301F-11D3-BF4B-00C04F79EFBC}") = "WorkflowService.Domain", "services\workflow-service\WorkflowService.Domain\WorkflowService.Domain.csproj", "{6A75D63B-36D2-4FE3-AE68-B7C24D1D89EE}"
EndProject
Project("{FAE04EC0-301F-11D3-BF4B-00C04F79EFBC}") = "WorkflowService.Application", "services\workflow-service\WorkflowService.Application\WorkflowService.Application.csproj", "{33F4C358-AE40-4457-A2CD-E2B63DC65DEC}"
EndProject
Project("{FAE04EC0-301F-11D3-BF4B-00C04F79EFBC}") = "WorkflowService.Infrastructure", "services\workflow-service\WorkflowService.Infrastructure\WorkflowService.Infrastructure.csproj", "{6CC13412-C949-430E-9BF2-E9524D3720DD}"
EndProject
Project("{FAE04EC0-301F-11D3-BF4B-00C04F79EFBC}") = "WorkflowService.API", "services\workflow-service\WorkflowService.API\WorkflowService.API.csproj", "{00953FE7-E677-47F2-8047-3E62FE44F81E}"
EndProject
Project("{2150E333-8FDC-42A3-9474-1A3956D46DE8}") = "notification-service", "notification-service", "{C11069B0-78FC-CF9E-9D65-12F697A0DBA7}"
EndProject
Project("{FAE04EC0-301F-11D3-BF4B-00C04F79EFBC}") = "NotificationService.Domain", "services\notification-service\NotificationService.Domain\NotificationService.Domain.csproj", "{62CF3F21-5389-4B9D-9F04-F87C27F48A2B}"
EndProject
Project("{FAE04EC0-301F-11D3-BF4B-00C04F79EFBC}") = "NotificationService.Application", "services\notification-service\NotificationService.Application\NotificationService.Application.csproj", "{FADD2AFC-79D5-4207-AC1E-D1ACCAB39E9E}"
EndProject
Project("{FAE04EC0-301F-11D3-BF4B-00C04F79EFBC}") = "NotificationService.Infrastructure", "services\notification-service\NotificationService.Infrastructure\NotificationService.Infrastructure.csproj", "{38A551AE-E7DA-4C5F-82AD-C75CA5AD406F}"
EndProject
Project("{FAE04EC0-301F-11D3-BF4B-00C04F79EFBC}") = "NotificationService.API", "services\notification-service\NotificationService.API\NotificationService.API.csproj", "{590DD374-95DC-4964-8680-F1E68DD772DA}"
EndProject
Project("{2150E333-8FDC-42A3-9474-1A3956D46DE8}") = "tests", "tests", "{0AB3BF05-4346-4AA6-1389-037BE0695223}"
EndProject
Project("{2150E333-8FDC-42A3-9474-1A3956D46DE8}") = "unit", "unit", "{9D556B49-86D1-93A7-9596-FFAAB74EC556}"
EndProject
Project("{FAE04EC0-301F-11D3-BF4B-00C04F79EFBC}") = "IdentityService.UnitTests", "tests\unit\IdentityService.UnitTests\IdentityService.UnitTests.csproj", "{58A36B68-3443-4EA8-A3CD-F2A64892FDFC}"
EndProject
Project("{FAE04EC0-301F-11D3-BF4B-00C04F79EFBC}") = "DocumentService.UnitTests", "tests\unit\DocumentService.UnitTests\DocumentService.UnitTests.csproj", "{AA9BAD16-6687-4128-8AC7-7161F956235E}"
EndProject
Project("{2150E333-8FDC-42A3-9474-1A3956D46DE8}") = "integration", "integration", "{28A6993C-471E-82FE-7D9E-AD3B1EC22BD9}"
EndProject
Project("{FAE04EC0-301F-11D3-BF4B-00C04F79EFBC}") = "Integration.Tests", "tests\integration\Integration.Tests\Integration.Tests.csproj", "{B5E0BEEB-BC2C-422E-B032-A8A9AFAF7550}"
EndProject
Project("{FAE04EC0-301F-11D3-BF4B-00C04F79EFBC}") = "DocumentService.UnitTests", "tests\DocumentService.UnitTests\DocumentService.UnitTests.csproj", "{633153AB-54E5-4556-83A1-3EFF51B4AE11}"
EndProject
Global
	GlobalSection(SolutionConfigurationPlatforms) = preSolution
		Debug|Any CPU = Debug|Any CPU
		Debug|x64 = Debug|x64
		Debug|x86 = Debug|x86
		Release|Any CPU = Release|Any CPU
		Release|x64 = Release|x64
		Release|x86 = Release|x86
	EndGlobalSection
	GlobalSection(ProjectConfigurationPlatforms) = postSolution
		{A7343C51-1138-40FF-9C76-28D6E50E58BC}.Debug|Any CPU.ActiveCfg = Debug|Any CPU
		{A7343C51-1138-40FF-9C76-28D6E50E58BC}.Debug|Any CPU.Build.0 = Debug|Any CPU
		{A7343C51-1138-40FF-9C76-28D6E50E58BC}.Debug|x64.ActiveCfg = Debug|Any CPU
		{A7343C51-1138-40FF-9C76-28D6E50E58BC}.Debug|x64.Build.0 = Debug|Any CPU
		{A7343C51-1138-40FF-9C76-28D6E50E58BC}.Debug|x86.ActiveCfg = Debug|Any CPU
		{A7343C51-1138-40FF-9C76-28D6E50E58BC}.Debug|x86.Build.0 = Debug|Any CPU
		{A7343C51-1138-40FF-9C76-28D6E50E58BC}.Release|Any CPU.ActiveCfg = Release|Any CPU
		{A7343C51-1138-40FF-9C76-28D6E50E58BC}.Release|Any CPU.Build.0 = Release|Any CPU
		{A7343C51-1138-40FF-9C76-28D6E50E58BC}.Release|x64.ActiveCfg = Release|Any CPU
		{A7343C51-1138-40FF-9C76-28D6E50E58BC}.Release|x64.Build.0 = Release|Any CPU
		{A7343C51-1138-40FF-9C76-28D6E50E58BC}.Release|x86.ActiveCfg = Release|Any CPU
		{A7343C51-1138-40FF-9C76-28D6E50E58BC}.Release|x86.Build.0 = Release|Any CPU
		{2B70B1AE-6B6B-4F96-B7C7-744E6B6E8BC3}.Debug|Any CPU.ActiveCfg = Debug|Any CPU
		{2B70B1AE-6B6B-4F96-B7C7-744E6B6E8BC3}.Debug|Any CPU.Build.0 = Debug|Any CPU
		{2B70B1AE-6B6B-4F96-B7C7-744E6B6E8BC3}.Debug|x64.ActiveCfg = Debug|Any CPU
		{2B70B1AE-6B6B-4F96-B7C7-744E6B6E8BC3}.Debug|x64.Build.0 = Debug|Any CPU
		{2B70B1AE-6B6B-4F96-B7C7-744E6B6E8BC3}.Debug|x86.ActiveCfg = Debug|Any CPU
		{2B70B1AE-6B6B-4F96-B7C7-744E6B6E8BC3}.Debug|x86.Build.0 = Debug|Any CPU
		{2B70B1AE-6B6B-4F96-B7C7-744E6B6E8BC3}.Release|Any CPU.ActiveCfg = Release|Any CPU
		{2B70B1AE-6B6B-4F96-B7C7-744E6B6E8BC3}.Release|Any CPU.Build.0 = Release|Any CPU
		{2B70B1AE-6B6B-4F96-B7C7-744E6B6E8BC3}.Release|x64.ActiveCfg = Release|Any CPU
		{2B70B1AE-6B6B-4F96-B7C7-744E6B6E8BC3}.Release|x64.Build.0 = Release|Any CPU
		{2B70B1AE-6B6B-4F96-B7C7-744E6B6E8BC3}.Release|x86.ActiveCfg = Release|Any CPU
		{2B70B1AE-6B6B-4F96-B7C7-744E6B6E8BC3}.Release|x86.Build.0 = Release|Any CPU
		{DFBEAB30-720B-428B-9A10-D8A2CF98226D}.Debug|Any CPU.ActiveCfg = Debug|Any CPU
		{DFBEAB30-720B-428B-9A10-D8A2CF98226D}.Debug|Any CPU.Build.0 = Debug|Any CPU
		{DFBEAB30-720B-428B-9A10-D8A2CF98226D}.Debug|x64.ActiveCfg = Debug|Any CPU
		{DFBEAB30-720B-428B-9A10-D8A2CF98226D}.Debug|x64.Build.0 = Debug|Any CPU
		{DFBEAB30-720B-428B-9A10-D8A2CF98226D}.Debug|x86.ActiveCfg = Debug|Any CPU
		{DFBEAB30-720B-428B-9A10-D8A2CF98226D}.Debug|x86.Build.0 = Debug|Any CPU
		{DFBEAB30-720B-428B-9A10-D8A2CF98226D}.Release|Any CPU.ActiveCfg = Release|Any CPU
		{DFBEAB30-720B-428B-9A10-D8A2CF98226D}.Release|Any CPU.Build.0 = Release|Any CPU
		{DFBEAB30-720B-428B-9A10-D8A2CF98226D}.Release|x64.ActiveCfg = Release|Any CPU
		{DFBEAB30-720B-428B-9A10-D8A2CF98226D}.Release|x64.Build.0 = Release|Any CPU
		{DFBEAB30-720B-428B-9A10-D8A2CF98226D}.Release|x86.ActiveCfg = Release|Any CPU
		{DFBEAB30-720B-428B-9A10-D8A2CF98226D}.Release|x86.Build.0 = Release|Any CPU
		{A7E7FC0A-D1F7-4BC9-BB58-236AEA7C9E48}.Debug|Any CPU.ActiveCfg = Debug|Any CPU
		{A7E7FC0A-D1F7-4BC9-BB58-236AEA7C9E48}.Debug|Any CPU.Build.0 = Debug|Any CPU
		{A7E7FC0A-D1F7-4BC9-BB58-236AEA7C9E48}.Debug|x64.ActiveCfg = Debug|Any CPU
		{A7E7FC0A-D1F7-4BC9-BB58-236AEA7C9E48}.Debug|x64.Build.0 = Debug|Any CPU
		{A7E7FC0A-D1F7-4BC9-BB58-236AEA7C9E48}.Debug|x86.ActiveCfg = Debug|Any CPU
		{A7E7FC0A-D1F7-4BC9-BB58-236AEA7C9E48}.Debug|x86.Build.0 = Debug|Any CPU
		{A7E7FC0A-D1F7-4BC9-BB58-236AEA7C9E48}.Release|Any CPU.ActiveCfg = Release|Any CPU
		{A7E7FC0A-D1F7-4BC9-BB58-236AEA7C9E48}.Release|Any CPU.Build.0 = Release|Any CPU
		{A7E7FC0A-D1F7-4BC9-BB58-236AEA7C9E48}.Release|x64.ActiveCfg = Release|Any CPU
		{A7E7FC0A-D1F7-4BC9-BB58-236AEA7C9E48}.Release|x64.Build.0 = Release|Any CPU
		{A7E7FC0A-D1F7-4BC9-BB58-236AEA7C9E48}.Release|x86.ActiveCfg = Release|Any CPU
		{A7E7FC0A-D1F7-4BC9-BB58-236AEA7C9E48}.Release|x86.Build.0 = Release|Any CPU
		{0A94B78F-CCDE-4E87-81CB-320CBDABCA13}.Debug|Any CPU.ActiveCfg = Debug|Any CPU
		{0A94B78F-CCDE-4E87-81CB-320CBDABCA13}.Debug|Any CPU.Build.0 = Debug|Any CPU
		{0A94B78F-CCDE-4E87-81CB-320CBDABCA13}.Debug|x64.ActiveCfg = Debug|Any CPU
		{0A94B78F-CCDE-4E87-81CB-320CBDABCA13}.Debug|x64.Build.0 = Debug|Any CPU
		{0A94B78F-CCDE-4E87-81CB-320CBDABCA13}.Debug|x86.ActiveCfg = Debug|Any CPU
		{0A94B78F-CCDE-4E87-81CB-320CBDABCA13}.Debug|x86.Build.0 = Debug|Any CPU
		{0A94B78F-CCDE-4E87-81CB-320CBDABCA13}.Release|Any CPU.ActiveCfg = Release|Any CPU
		{0A94B78F-CCDE-4E87-81CB-320CBDABCA13}.Release|Any CPU.Build.0 = Release|Any CPU
		{0A94B78F-CCDE-4E87-81CB-320CBDABCA13}.Release|x64.ActiveCfg = Release|Any CPU
		{0A94B78F-CCDE-4E87-81CB-320CBDABCA13}.Release|x64.Build.0 = Release|Any CPU
		{0A94B78F-CCDE-4E87-81CB-320CBDABCA13}.Release|x86.ActiveCfg = Release|Any CPU
		{0A94B78F-CCDE-4E87-81CB-320CBDABCA13}.Release|x86.Build.0 = Release|Any CPU
		{8FEA09F6-9228-4A6F-B344-76A4EBF4292C}.Debug|Any CPU.ActiveCfg = Debug|Any CPU
		{8FEA09F6-9228-4A6F-B344-76A4EBF4292C}.Debug|Any CPU.Build.0 = Debug|Any CPU
		{8FEA09F6-9228-4A6F-B344-76A4EBF4292C}.Debug|x64.ActiveCfg = Debug|Any CPU
		{8FEA09F6-9228-4A6F-B344-76A4EBF4292C}.Debug|x64.Build.0 = Debug|Any CPU
		{8FEA09F6-9228-4A6F-B344-76A4EBF4292C}.Debug|x86.ActiveCfg = Debug|Any CPU
		{8FEA09F6-9228-4A6F-B344-76A4EBF4292C}.Debug|x86.Build.0 = Debug|Any CPU
		{8FEA09F6-9228-4A6F-B344-76A4EBF4292C}.Release|Any CPU.ActiveCfg = Release|Any CPU
		{8FEA09F6-9228-4A6F-B344-76A4EBF4292C}.Release|Any CPU.Build.0 = Release|Any CPU
		{8FEA09F6-9228-4A6F-B344-76A4EBF4292C}.Release|x64.ActiveCfg = Release|Any CPU
		{8FEA09F6-9228-4A6F-B344-76A4EBF4292C}.Release|x64.Build.0 = Release|Any CPU
		{8FEA09F6-9228-4A6F-B344-76A4EBF4292C}.Release|x86.ActiveCfg = Release|Any CPU
		{8FEA09F6-9228-4A6F-B344-76A4EBF4292C}.Release|x86.Build.0 = Release|Any CPU
		{730FD0D8-F777-4AF4-8BB5-8BDF6A742314}.Debug|Any CPU.ActiveCfg = Debug|Any CPU
		{730FD0D8-F777-4AF4-8BB5-8BDF6A742314}.Debug|Any CPU.Build.0 = Debug|Any CPU
		{730FD0D8-F777-4AF4-8BB5-8BDF6A742314}.Debug|x64.ActiveCfg = Debug|Any CPU
		{730FD0D8-F777-4AF4-8BB5-8BDF6A742314}.Debug|x64.Build.0 = Debug|Any CPU
		{730FD0D8-F777-4AF4-8BB5-8BDF6A742314}.Debug|x86.ActiveCfg = Debug|Any CPU
		{730FD0D8-F777-4AF4-8BB5-8BDF6A742314}.Debug|x86.Build.0 = Debug|Any CPU
		{730FD0D8-F777-4AF4-8BB5-8BDF6A742314}.Release|Any CPU.ActiveCfg = Release|Any CPU
		{730FD0D8-F777-4AF4-8BB5-8BDF6A742314}.Release|Any CPU.Build.0 = Release|Any CPU
		{730FD0D8-F777-4AF4-8BB5-8BDF6A742314}.Release|x64.ActiveCfg = Release|Any CPU
		{730FD0D8-F777-4AF4-8BB5-8BDF6A742314}.Release|x64.Build.0 = Release|Any CPU
		{730FD0D8-F777-4AF4-8BB5-8BDF6A742314}.Release|x86.ActiveCfg = Release|Any CPU
		{730FD0D8-F777-4AF4-8BB5-8BDF6A742314}.Release|x86.Build.0 = Release|Any CPU
		{9632CB9C-36EB-44FB-BFCB-C5251238F082}.Debug|Any CPU.ActiveCfg = Debug|Any CPU
		{9632CB9C-36EB-44FB-BFCB-C5251238F082}.Debug|Any CPU.Build.0 = Debug|Any CPU
		{9632CB9C-36EB-44FB-BFCB-C5251238F082}.Debug|x64.ActiveCfg = Debug|Any CPU
		{9632CB9C-36EB-44FB-BFCB-C5251238F082}.Debug|x64.Build.0 = Debug|Any CPU
		{9632CB9C-36EB-44FB-BFCB-C5251238F082}.Debug|x86.ActiveCfg = Debug|Any CPU
		{9632CB9C-36EB-44FB-BFCB-C5251238F082}.Debug|x86.Build.0 = Debug|Any CPU
		{9632CB9C-36EB-44FB-BFCB-C5251238F082}.Release|Any CPU.ActiveCfg = Release|Any CPU
		{9632CB9C-36EB-44FB-BFCB-C5251238F082}.Release|Any CPU.Build.0 = Release|Any CPU
		{9632CB9C-36EB-44FB-BFCB-C5251238F082}.Release|x64.ActiveCfg = Release|Any CPU
		{9632CB9C-36EB-44FB-BFCB-C5251238F082}.Release|x64.Build.0 = Release|Any CPU
		{9632CB9C-36EB-44FB-BFCB-C5251238F082}.Release|x86.ActiveCfg = Release|Any CPU
		{9632CB9C-36EB-44FB-BFCB-C5251238F082}.Release|x86.Build.0 = Release|Any CPU
		{6C975D85-DDE6-4D48-B901-E5FE7A3BA929}.Debug|Any CPU.ActiveCfg = Debug|Any CPU
		{6C975D85-DDE6-4D48-B901-E5FE7A3BA929}.Debug|Any CPU.Build.0 = Debug|Any CPU
		{6C975D85-DDE6-4D48-B901-E5FE7A3BA929}.Debug|x64.ActiveCfg = Debug|Any CPU
		{6C975D85-DDE6-4D48-B901-E5FE7A3BA929}.Debug|x64.Build.0 = Debug|Any CPU
		{6C975D85-DDE6-4D48-B901-E5FE7A3BA929}.Debug|x86.ActiveCfg = Debug|Any CPU
		{6C975D85-DDE6-4D48-B901-E5FE7A3BA929}.Debug|x86.Build.0 = Debug|Any CPU
		{6C975D85-DDE6-4D48-B901-E5FE7A3BA929}.Release|Any CPU.ActiveCfg = Release|Any CPU
		{6C975D85-DDE6-4D48-B901-E5FE7A3BA929}.Release|Any CPU.Build.0 = Release|Any CPU
		{6C975D85-DDE6-4D48-B901-E5FE7A3BA929}.Release|x64.ActiveCfg = Release|Any CPU
		{6C975D85-DDE6-4D48-B901-E5FE7A3BA929}.Release|x64.Build.0 = Release|Any CPU
		{6C975D85-DDE6-4D48-B901-E5FE7A3BA929}.Release|x86.ActiveCfg = Release|Any CPU
		{6C975D85-DDE6-4D48-B901-E5FE7A3BA929}.Release|x86.Build.0 = Release|Any CPU
		{0062E7C7-E96D-4758-809D-897DD7C050AE}.Debug|Any CPU.ActiveCfg = Debug|Any CPU
		{0062E7C7-E96D-4758-809D-897DD7C050AE}.Debug|Any CPU.Build.0 = Debug|Any CPU
		{0062E7C7-E96D-4758-809D-897DD7C050AE}.Debug|x64.ActiveCfg = Debug|Any CPU
		{0062E7C7-E96D-4758-809D-897DD7C050AE}.Debug|x64.Build.0 = Debug|Any CPU
		{0062E7C7-E96D-4758-809D-897DD7C050AE}.Debug|x86.ActiveCfg = Debug|Any CPU
		{0062E7C7-E96D-4758-809D-897DD7C050AE}.Debug|x86.Build.0 = Debug|Any CPU
		{0062E7C7-E96D-4758-809D-897DD7C050AE}.Release|Any CPU.ActiveCfg = Release|Any CPU
		{0062E7C7-E96D-4758-809D-897DD7C050AE}.Release|Any CPU.Build.0 = Release|Any CPU
		{0062E7C7-E96D-4758-809D-897DD7C050AE}.Release|x64.ActiveCfg = Release|Any CPU
		{0062E7C7-E96D-4758-809D-897DD7C050AE}.Release|x64.Build.0 = Release|Any CPU
		{0062E7C7-E96D-4758-809D-897DD7C050AE}.Release|x86.ActiveCfg = Release|Any CPU
		{0062E7C7-E96D-4758-809D-897DD7C050AE}.Release|x86.Build.0 = Release|Any CPU
		{46958A1B-C8E0-4078-B8B3-8208AEB084ED}.Debug|Any CPU.ActiveCfg = Debug|Any CPU
		{46958A1B-C8E0-4078-B8B3-8208AEB084ED}.Debug|Any CPU.Build.0 = Debug|Any CPU
		{46958A1B-C8E0-4078-B8B3-8208AEB084ED}.Debug|x64.ActiveCfg = Debug|Any CPU
		{46958A1B-C8E0-4078-B8B3-8208AEB084ED}.Debug|x64.Build.0 = Debug|Any CPU
		{46958A1B-C8E0-4078-B8B3-8208AEB084ED}.Debug|x86.ActiveCfg = Debug|Any CPU
		{46958A1B-C8E0-4078-B8B3-8208AEB084ED}.Debug|x86.Build.0 = Debug|Any CPU
		{46958A1B-C8E0-4078-B8B3-8208AEB084ED}.Release|Any CPU.ActiveCfg = Release|Any CPU
		{46958A1B-C8E0-4078-B8B3-8208AEB084ED}.Release|Any CPU.Build.0 = Release|Any CPU
		{46958A1B-C8E0-4078-B8B3-8208AEB084ED}.Release|x64.ActiveCfg = Release|Any CPU
		{46958A1B-C8E0-4078-B8B3-8208AEB084ED}.Release|x64.Build.0 = Release|Any CPU
		{46958A1B-C8E0-4078-B8B3-8208AEB084ED}.Release|x86.ActiveCfg = Release|Any CPU
		{46958A1B-C8E0-4078-B8B3-8208AEB084ED}.Release|x86.Build.0 = Release|Any CPU
		{DAC68ABE-DDA7-474B-A27F-B4C0D77A3985}.Debug|Any CPU.ActiveCfg = Debug|Any CPU
		{DAC68ABE-DDA7-474B-A27F-B4C0D77A3985}.Debug|Any CPU.Build.0 = Debug|Any CPU
		{DAC68ABE-DDA7-474B-A27F-B4C0D77A3985}.Debug|x64.ActiveCfg = Debug|Any CPU
		{DAC68ABE-DDA7-474B-A27F-B4C0D77A3985}.Debug|x64.Build.0 = Debug|Any CPU
		{DAC68ABE-DDA7-474B-A27F-B4C0D77A3985}.Debug|x86.ActiveCfg = Debug|Any CPU
		{DAC68ABE-DDA7-474B-A27F-B4C0D77A3985}.Debug|x86.Build.0 = Debug|Any CPU
		{DAC68ABE-DDA7-474B-A27F-B4C0D77A3985}.Release|Any CPU.ActiveCfg = Release|Any CPU
		{DAC68ABE-DDA7-474B-A27F-B4C0D77A3985}.Release|Any CPU.Build.0 = Release|Any CPU
		{DAC68ABE-DDA7-474B-A27F-B4C0D77A3985}.Release|x64.ActiveCfg = Release|Any CPU
		{DAC68ABE-DDA7-474B-A27F-B4C0D77A3985}.Release|x64.Build.0 = Release|Any CPU
		{DAC68ABE-DDA7-474B-A27F-B4C0D77A3985}.Release|x86.ActiveCfg = Release|Any CPU
		{DAC68ABE-DDA7-474B-A27F-B4C0D77A3985}.Release|x86.Build.0 = Release|Any CPU
		{6A75D63B-36D2-4FE3-AE68-B7C24D1D89EE}.Debug|Any CPU.ActiveCfg = Debug|Any CPU
		{6A75D63B-36D2-4FE3-AE68-B7C24D1D89EE}.Debug|Any CPU.Build.0 = Debug|Any CPU
		{6A75D63B-36D2-4FE3-AE68-B7C24D1D89EE}.Debug|x64.ActiveCfg = Debug|Any CPU
		{6A75D63B-36D2-4FE3-AE68-B7C24D1D89EE}.Debug|x64.Build.0 = Debug|Any CPU
		{6A75D63B-36D2-4FE3-AE68-B7C24D1D89EE}.Debug|x86.ActiveCfg = Debug|Any CPU
		{6A75D63B-36D2-4FE3-AE68-B7C24D1D89EE}.Debug|x86.Build.0 = Debug|Any CPU
		{6A75D63B-36D2-4FE3-AE68-B7C24D1D89EE}.Release|Any CPU.ActiveCfg = Release|Any CPU
		{6A75D63B-36D2-4FE3-AE68-B7C24D1D89EE}.Release|Any CPU.Build.0 = Release|Any CPU
		{6A75D63B-36D2-4FE3-AE68-B7C24D1D89EE}.Release|x64.ActiveCfg = Release|Any CPU
		{6A75D63B-36D2-4FE3-AE68-B7C24D1D89EE}.Release|x64.Build.0 = Release|Any CPU
		{6A75D63B-36D2-4FE3-AE68-B7C24D1D89EE}.Release|x86.ActiveCfg = Release|Any CPU
		{6A75D63B-36D2-4FE3-AE68-B7C24D1D89EE}.Release|x86.Build.0 = Release|Any CPU
		{33F4C358-AE40-4457-A2CD-E2B63DC65DEC}.Debug|Any CPU.ActiveCfg = Debug|Any CPU
		{33F4C358-AE40-4457-A2CD-E2B63DC65DEC}.Debug|Any CPU.Build.0 = Debug|Any CPU
		{33F4C358-AE40-4457-A2CD-E2B63DC65DEC}.Debug|x64.ActiveCfg = Debug|Any CPU
		{33F4C358-AE40-4457-A2CD-E2B63DC65DEC}.Debug|x64.Build.0 = Debug|Any CPU
		{33F4C358-AE40-4457-A2CD-E2B63DC65DEC}.Debug|x86.ActiveCfg = Debug|Any CPU
		{33F4C358-AE40-4457-A2CD-E2B63DC65DEC}.Debug|x86.Build.0 = Debug|Any CPU
		{33F4C358-AE40-4457-A2CD-E2B63DC65DEC}.Release|Any CPU.ActiveCfg = Release|Any CPU
		{33F4C358-AE40-4457-A2CD-E2B63DC65DEC}.Release|Any CPU.Build.0 = Release|Any CPU
		{33F4C358-AE40-4457-A2CD-E2B63DC65DEC}.Release|x64.ActiveCfg = Release|Any CPU
		{33F4C358-AE40-4457-A2CD-E2B63DC65DEC}.Release|x64.Build.0 = Release|Any CPU
		{33F4C358-AE40-4457-A2CD-E2B63DC65DEC}.Release|x86.ActiveCfg = Release|Any CPU
		{33F4C358-AE40-4457-A2CD-E2B63DC65DEC}.Release|x86.Build.0 = Release|Any CPU
		{6CC13412-C949-430E-9BF2-E9524D3720DD}.Debug|Any CPU.ActiveCfg = Debug|Any CPU
		{6CC13412-C949-430E-9BF2-E9524D3720DD}.Debug|Any CPU.Build.0 = Debug|Any CPU
		{6CC13412-C949-430E-9BF2-E9524D3720DD}.Debug|x64.ActiveCfg = Debug|Any CPU
		{6CC13412-C949-430E-9BF2-E9524D3720DD}.Debug|x64.Build.0 = Debug|Any CPU
		{6CC13412-C949-430E-9BF2-E9524D3720DD}.Debug|x86.ActiveCfg = Debug|Any CPU
		{6CC13412-C949-430E-9BF2-E9524D3720DD}.Debug|x86.Build.0 = Debug|Any CPU
		{6CC13412-C949-430E-9BF2-E9524D3720DD}.Release|Any CPU.ActiveCfg = Release|Any CPU
		{6CC13412-C949-430E-9BF2-E9524D3720DD}.Release|Any CPU.Build.0 = Release|Any CPU
		{6CC13412-C949-430E-9BF2-E9524D3720DD}.Release|x64.ActiveCfg = Release|Any CPU
		{6CC13412-C949-430E-9BF2-E9524D3720DD}.Release|x64.Build.0 = Release|Any CPU
		{6CC13412-C949-430E-9BF2-E9524D3720DD}.Release|x86.ActiveCfg = Release|Any CPU
		{6CC13412-C949-430E-9BF2-E9524D3720DD}.Release|x86.Build.0 = Release|Any CPU
		{00953FE7-E677-47F2-8047-3E62FE44F81E}.Debug|Any CPU.ActiveCfg = Debug|Any CPU
		{00953FE7-E677-47F2-8047-3E62FE44F81E}.Debug|Any CPU.Build.0 = Debug|Any CPU
		{00953FE7-E677-47F2-8047-3E62FE44F81E}.Debug|x64.ActiveCfg = Debug|Any CPU
		{00953FE7-E677-47F2-8047-3E62FE44F81E}.Debug|x64.Build.0 = Debug|Any CPU
		{00953FE7-E677-47F2-8047-3E62FE44F81E}.Debug|x86.ActiveCfg = Debug|Any CPU
		{00953FE7-E677-47F2-8047-3E62FE44F81E}.Debug|x86.Build.0 = Debug|Any CPU
		{00953FE7-E677-47F2-8047-3E62FE44F81E}.Release|Any CPU.ActiveCfg = Release|Any CPU
		{00953FE7-E677-47F2-8047-3E62FE44F81E}.Release|Any CPU.Build.0 = Release|Any CPU
		{00953FE7-E677-47F2-8047-3E62FE44F81E}.Release|x64.ActiveCfg = Release|Any CPU
		{00953FE7-E677-47F2-8047-3E62FE44F81E}.Release|x64.Build.0 = Release|Any CPU
		{00953FE7-E677-47F2-8047-3E62FE44F81E}.Release|x86.ActiveCfg = Release|Any CPU
		{00953FE7-E677-47F2-8047-3E62FE44F81E}.Release|x86.Build.0 = Release|Any CPU
		{62CF3F21-5389-4B9D-9F04-F87C27F48A2B}.Debug|Any CPU.ActiveCfg = Debug|Any CPU
		{62CF3F21-5389-4B9D-9F04-F87C27F48A2B}.Debug|Any CPU.Build.0 = Debug|Any CPU
		{62CF3F21-5389-4B9D-9F04-F87C27F48A2B}.Debug|x64.ActiveCfg = Debug|Any CPU
		{62CF3F21-5389-4B9D-9F04-F87C27F48A2B}.Debug|x64.Build.0 = Debug|Any CPU
		{62CF3F21-5389-4B9D-9F04-F87C27F48A2B}.Debug|x86.ActiveCfg = Debug|Any CPU
		{62CF3F21-5389-4B9D-9F04-F87C27F48A2B}.Debug|x86.Build.0 = Debug|Any CPU
		{62CF3F21-5389-4B9D-9F04-F87C27F48A2B}.Release|Any CPU.ActiveCfg = Release|Any CPU
		{62CF3F21-5389-4B9D-9F04-F87C27F48A2B}.Release|Any CPU.Build.0 = Release|Any CPU
		{62CF3F21-5389-4B9D-9F04-F87C27F48A2B}.Release|x64.ActiveCfg = Release|Any CPU
		{62CF3F21-5389-4B9D-9F04-F87C27F48A2B}.Release|x64.Build.0 = Release|Any CPU
		{62CF3F21-5389-4B9D-9F04-F87C27F48A2B}.Release|x86.ActiveCfg = Release|Any CPU
		{62CF3F21-5389-4B9D-9F04-F87C27F48A2B}.Release|x86.Build.0 = Release|Any CPU
		{FADD2AFC-79D5-4207-AC1E-D1ACCAB39E9E}.Debug|Any CPU.ActiveCfg = Debug|Any CPU
		{FADD2AFC-79D5-4207-AC1E-D1ACCAB39E9E}.Debug|Any CPU.Build.0 = Debug|Any CPU
		{FADD2AFC-79D5-4207-AC1E-D1ACCAB39E9E}.Debug|x64.ActiveCfg = Debug|Any CPU
		{FADD2AFC-79D5-4207-AC1E-D1ACCAB39E9E}.Debug|x64.Build.0 = Debug|Any CPU
		{FADD2AFC-79D5-4207-AC1E-D1ACCAB39E9E}.Debug|x86.ActiveCfg = Debug|Any CPU
		{FADD2AFC-79D5-4207-AC1E-D1ACCAB39E9E}.Debug|x86.Build.0 = Debug|Any CPU
		{FADD2AFC-79D5-4207-AC1E-D1ACCAB39E9E}.Release|Any CPU.ActiveCfg = Release|Any CPU
		{FADD2AFC-79D5-4207-AC1E-D1ACCAB39E9E}.Release|Any CPU.Build.0 = Release|Any CPU
		{FADD2AFC-79D5-4207-AC1E-D1ACCAB39E9E}.Release|x64.ActiveCfg = Release|Any CPU
		{FADD2AFC-79D5-4207-AC1E-D1ACCAB39E9E}.Release|x64.Build.0 = Release|Any CPU
		{FADD2AFC-79D5-4207-AC1E-D1ACCAB39E9E}.Release|x86.ActiveCfg = Release|Any CPU
		{FADD2AFC-79D5-4207-AC1E-D1ACCAB39E9E}.Release|x86.Build.0 = Release|Any CPU
		{38A551AE-E7DA-4C5F-82AD-C75CA5AD406F}.Debug|Any CPU.ActiveCfg = Debug|Any CPU
		{38A551AE-E7DA-4C5F-82AD-C75CA5AD406F}.Debug|Any CPU.Build.0 = Debug|Any CPU
		{38A551AE-E7DA-4C5F-82AD-C75CA5AD406F}.Debug|x64.ActiveCfg = Debug|Any CPU
		{38A551AE-E7DA-4C5F-82AD-C75CA5AD406F}.Debug|x64.Build.0 = Debug|Any CPU
		{38A551AE-E7DA-4C5F-82AD-C75CA5AD406F}.Debug|x86.ActiveCfg = Debug|Any CPU
		{38A551AE-E7DA-4C5F-82AD-C75CA5AD406F}.Debug|x86.Build.0 = Debug|Any CPU
		{38A551AE-E7DA-4C5F-82AD-C75CA5AD406F}.Release|Any CPU.ActiveCfg = Release|Any CPU
		{38A551AE-E7DA-4C5F-82AD-C75CA5AD406F}.Release|Any CPU.Build.0 = Release|Any CPU
		{38A551AE-E7DA-4C5F-82AD-C75CA5AD406F}.Release|x64.ActiveCfg = Release|Any CPU
		{38A551AE-E7DA-4C5F-82AD-C75CA5AD406F}.Release|x64.Build.0 = Release|Any CPU
		{38A551AE-E7DA-4C5F-82AD-C75CA5AD406F}.Release|x86.ActiveCfg = Release|Any CPU
		{38A551AE-E7DA-4C5F-82AD-C75CA5AD406F}.Release|x86.Build.0 = Release|Any CPU
		{590DD374-95DC-4964-8680-F1E68DD772DA}.Debug|Any CPU.ActiveCfg = Debug|Any CPU
		{590DD374-95DC-4964-8680-F1E68DD772DA}.Debug|Any CPU.Build.0 = Debug|Any CPU
		{590DD374-95DC-4964-8680-F1E68DD772DA}.Debug|x64.ActiveCfg = Debug|Any CPU
		{590DD374-95DC-4964-8680-F1E68DD772DA}.Debug|x64.Build.0 = Debug|Any CPU
		{590DD374-95DC-4964-8680-F1E68DD772DA}.Debug|x86.ActiveCfg = Debug|Any CPU
		{590DD374-95DC-4964-8680-F1E68DD772DA}.Debug|x86.Build.0 = Debug|Any CPU
		{590DD374-95DC-4964-8680-F1E68DD772DA}.Release|Any CPU.ActiveCfg = Release|Any CPU
		{590DD374-95DC-4964-8680-F1E68DD772DA}.Release|Any CPU.Build.0 = Release|Any CPU
		{590DD374-95DC-4964-8680-F1E68DD772DA}.Release|x64.ActiveCfg = Release|Any CPU
		{590DD374-95DC-4964-8680-F1E68DD772DA}.Release|x64.Build.0 = Release|Any CPU
		{590DD374-95DC-4964-8680-F1E68DD772DA}.Release|x86.ActiveCfg = Release|Any CPU
		{590DD374-95DC-4964-8680-F1E68DD772DA}.Release|x86.Build.0 = Release|Any CPU
		{58A36B68-3443-4EA8-A3CD-F2A64892FDFC}.Debug|Any CPU.ActiveCfg = Debug|Any CPU
		{58A36B68-3443-4EA8-A3CD-F2A64892FDFC}.Debug|Any CPU.Build.0 = Debug|Any CPU
		{58A36B68-3443-4EA8-A3CD-F2A64892FDFC}.Debug|x64.ActiveCfg = Debug|Any CPU
		{58A36B68-3443-4EA8-A3CD-F2A64892FDFC}.Debug|x64.Build.0 = Debug|Any CPU
		{58A36B68-3443-4EA8-A3CD-F2A64892FDFC}.Debug|x86.ActiveCfg = Debug|Any CPU
		{58A36B68-3443-4EA8-A3CD-F2A64892FDFC}.Debug|x86.Build.0 = Debug|Any CPU
		{58A36B68-3443-4EA8-A3CD-F2A64892FDFC}.Release|Any CPU.ActiveCfg = Release|Any CPU
		{58A36B68-3443-4EA8-A3CD-F2A64892FDFC}.Release|Any CPU.Build.0 = Release|Any CPU
		{58A36B68-3443-4EA8-A3CD-F2A64892FDFC}.Release|x64.ActiveCfg = Release|Any CPU
		{58A36B68-3443-4EA8-A3CD-F2A64892FDFC}.Release|x64.Build.0 = Release|Any CPU
		{58A36B68-3443-4EA8-A3CD-F2A64892FDFC}.Release|x86.ActiveCfg = Release|Any CPU
		{58A36B68-3443-4EA8-A3CD-F2A64892FDFC}.Release|x86.Build.0 = Release|Any CPU
		{AA9BAD16-6687-4128-8AC7-7161F956235E}.Debug|Any CPU.ActiveCfg = Debug|Any CPU
		{AA9BAD16-6687-4128-8AC7-7161F956235E}.Debug|Any CPU.Build.0 = Debug|Any CPU
		{AA9BAD16-6687-4128-8AC7-7161F956235E}.Debug|x64.ActiveCfg = Debug|Any CPU
		{AA9BAD16-6687-4128-8AC7-7161F956235E}.Debug|x64.Build.0 = Debug|Any CPU
		{AA9BAD16-6687-4128-8AC7-7161F956235E}.Debug|x86.ActiveCfg = Debug|Any CPU
		{AA9BAD16-6687-4128-8AC7-7161F956235E}.Debug|x86.Build.0 = Debug|Any CPU
		{AA9BAD16-6687-4128-8AC7-7161F956235E}.Release|Any CPU.ActiveCfg = Release|Any CPU
		{AA9BAD16-6687-4128-8AC7-7161F956235E}.Release|Any CPU.Build.0 = Release|Any CPU
		{AA9BAD16-6687-4128-8AC7-7161F956235E}.Release|x64.ActiveCfg = Release|Any CPU
		{AA9BAD16-6687-4128-8AC7-7161F956235E}.Release|x64.Build.0 = Release|Any CPU
		{AA9BAD16-6687-4128-8AC7-7161F956235E}.Release|x86.ActiveCfg = Release|Any CPU
		{AA9BAD16-6687-4128-8AC7-7161F956235E}.Release|x86.Build.0 = Release|Any CPU
		{B5E0BEEB-BC2C-422E-B032-A8A9AFAF7550}.Debug|Any CPU.ActiveCfg = Debug|Any CPU
		{B5E0BEEB-BC2C-422E-B032-A8A9AFAF7550}.Debug|Any CPU.Build.0 = Debug|Any CPU
		{B5E0BEEB-BC2C-422E-B032-A8A9AFAF7550}.Debug|x64.ActiveCfg = Debug|Any CPU
		{B5E0BEEB-BC2C-422E-B032-A8A9AFAF7550}.Debug|x64.Build.0 = Debug|Any CPU
		{B5E0BEEB-BC2C-422E-B032-A8A9AFAF7550}.Debug|x86.ActiveCfg = Debug|Any CPU
		{B5E0BEEB-BC2C-422E-B032-A8A9AFAF7550}.Debug|x86.Build.0 = Debug|Any CPU
		{B5E0BEEB-BC2C-422E-B032-A8A9AFAF7550}.Release|Any CPU.ActiveCfg = Release|Any CPU
		{B5E0BEEB-BC2C-422E-B032-A8A9AFAF7550}.Release|Any CPU.Build.0 = Release|Any CPU
		{B5E0BEEB-BC2C-422E-B032-A8A9AFAF7550}.Release|x64.ActiveCfg = Release|Any CPU
		{B5E0BEEB-BC2C-422E-B032-A8A9AFAF7550}.Release|x64.Build.0 = Release|Any CPU
		{B5E0BEEB-BC2C-422E-B032-A8A9AFAF7550}.Release|x86.ActiveCfg = Release|Any CPU
		{B5E0BEEB-BC2C-422E-B032-A8A9AFAF7550}.Release|x86.Build.0 = Release|Any CPU
		{633153AB-54E5-4556-83A1-3EFF51B4AE11}.Debug|Any CPU.ActiveCfg = Debug|Any CPU
		{633153AB-54E5-4556-83A1-3EFF51B4AE11}.Debug|Any CPU.Build.0 = Debug|Any CPU
		{633153AB-54E5-4556-83A1-3EFF51B4AE11}.Debug|x64.ActiveCfg = Debug|Any CPU
		{633153AB-54E5-4556-83A1-3EFF51B4AE11}.Debug|x64.Build.0 = Debug|Any CPU
		{633153AB-54E5-4556-83A1-3EFF51B4AE11}.Debug|x86.ActiveCfg = Debug|Any CPU
		{633153AB-54E5-4556-83A1-3EFF51B4AE11}.Debug|x86.Build.0 = Debug|Any CPU
		{633153AB-54E5-4556-83A1-3EFF51B4AE11}.Release|Any CPU.ActiveCfg = Release|Any CPU
		{633153AB-54E5-4556-83A1-3EFF51B4AE11}.Release|Any CPU.Build.0 = Release|Any CPU
		{633153AB-54E5-4556-83A1-3EFF51B4AE11}.Release|x64.ActiveCfg = Release|Any CPU
		{633153AB-54E5-4556-83A1-3EFF51B4AE11}.Release|x64.Build.0 = Release|Any CPU
		{633153AB-54E5-4556-83A1-3EFF51B4AE11}.Release|x86.ActiveCfg = Release|Any CPU
		{633153AB-54E5-4556-83A1-3EFF51B4AE11}.Release|x86.Build.0 = Release|Any CPU
	EndGlobalSection
	GlobalSection(SolutionProperties) = preSolution
		HideSolutionNode = FALSE
	EndGlobalSection
	GlobalSection(NestedProjects) = preSolution
		{A7343C51-1138-40FF-9C76-28D6E50E58BC} = {4F52FD11-658E-A102-6CD3-7D7C16FFA15B}
		{2B70B1AE-6B6B-4F96-B7C7-744E6B6E8BC3} = {4F52FD11-658E-A102-6CD3-7D7C16FFA15B}
		{DFBEAB30-720B-428B-9A10-D8A2CF98226D} = {4F52FD11-658E-A102-6CD3-7D7C16FFA15B}
		{A7E7FC0A-D1F7-4BC9-BB58-236AEA7C9E48} = {E7BDDBC6-9FD1-D1D7-ACD8-2C4F8E3D2461}
		{A86387A1-6CB7-E87F-8D97-922B56EDCEFC} = {5854FF58-B8C5-05C6-5BF2-ACE42193F22B}
		{0A94B78F-CCDE-4E87-81CB-320CBDABCA13} = {A86387A1-6CB7-E87F-8D97-922B56EDCEFC}
		{8FEA09F6-9228-4A6F-B344-76A4EBF4292C} = {A86387A1-6CB7-E87F-8D97-922B56EDCEFC}
		{730FD0D8-F777-4AF4-8BB5-8BDF6A742314} = {A86387A1-6CB7-E87F-8D97-922B56EDCEFC}
		{9632CB9C-36EB-44FB-BFCB-C5251238F082} = {A86387A1-6CB7-E87F-8D97-922B56EDCEFC}
		{839D23DC-C8F4-7E79-ABF6-16AA12B8CAFA} = {5854FF58-B8C5-05C6-5BF2-ACE42193F22B}
		{6C975D85-DDE6-4D48-B901-E5FE7A3BA929} = {839D23DC-C8F4-7E79-ABF6-16AA12B8CAFA}
		{0062E7C7-E96D-4758-809D-897DD7C050AE} = {839D23DC-C8F4-7E79-ABF6-16AA12B8CAFA}
		{46958A1B-C8E0-4078-B8B3-8208AEB084ED} = {839D23DC-C8F4-7E79-ABF6-16AA12B8CAFA}
		{DAC68ABE-DDA7-474B-A27F-B4C0D77A3985} = {839D23DC-C8F4-7E79-ABF6-16AA12B8CAFA}
		{12B06DD3-08F7-DAA4-DD63-A57C85C8140D} = {5854FF58-B8C5-05C6-5BF2-ACE42193F22B}
		{6A75D63B-36D2-4FE3-AE68-B7C24D1D89EE} = {12B06DD3-08F7-DAA4-DD63-A57C85C8140D}
		{33F4C358-AE40-4457-A2CD-E2B63DC65DEC} = {12B06DD3-08F7-DAA4-DD63-A57C85C8140D}
		{6CC13412-C949-430E-9BF2-E9524D3720DD} = {12B06DD3-08F7-DAA4-DD63-A57C85C8140D}
		{00953FE7-E677-47F2-8047-3E62FE44F81E} = {12B06DD3-08F7-DAA4-DD63-A57C85C8140D}
		{C11069B0-78FC-CF9E-9D65-12F697A0DBA7} = {5854FF58-B8C5-05C6-5BF2-ACE42193F22B}
		{62CF3F21-5389-4B9D-9F04-F87C27F48A2B} = {C11069B0-78FC-CF9E-9D65-12F697A0DBA7}
		{FADD2AFC-79D5-4207-AC1E-D1ACCAB39E9E} = {C11069B0-78FC-CF9E-9D65-12F697A0DBA7}
		{38A551AE-E7DA-4C5F-82AD-C75CA5AD406F} = {C11069B0-78FC-CF9E-9D65-12F697A0DBA7}
		{590DD374-95DC-4964-8680-F1E68DD772DA} = {C11069B0-78FC-CF9E-9D65-12F697A0DBA7}
		{9D556B49-86D1-93A7-9596-FFAAB74EC556} = {0AB3BF05-4346-4AA6-1389-037BE0695223}
		{58A36B68-3443-4EA8-A3CD-F2A64892FDFC} = {9D556B49-86D1-93A7-9596-FFAAB74EC556}
		{AA9BAD16-6687-4128-8AC7-7161F956235E} = {9D556B49-86D1-93A7-9596-FFAAB74EC556}
		{28A6993C-471E-82FE-7D9E-AD3B1EC22BD9} = {0AB3BF05-4346-4AA6-1389-037BE0695223}
		{B5E0BEEB-BC2C-422E-B032-A8A9AFAF7550} = {28A6993C-471E-82FE-7D9E-AD3B1EC22BD9}
		{633153AB-54E5-4556-83A1-3EFF51B4AE11} = {0AB3BF05-4346-4AA6-1389-037BE0695223}
	EndGlobalSection
EndGlobal
